// !$*UTF8*$!
{
	archiveVersion = 1;
	classes = {
	};
	objectVersion = 46;
	objects = {

/* Begin PBXBuildFile section */
		5035F9F41A9F9C46005D7BFF /* DPGraphView.m in Sources */ = {isa = PBXBuildFile; fileRef = 5035F9F31A9F9C46005D7BFF /* DPGraphView.m */; };
		50A14B671A8DE5E300F1C921 /* AppDelegate.swift in Sources */ = {isa = PBXBuildFile; fileRef = 50A14B661A8DE5E300F1C921 /* AppDelegate.swift */; };
		50A14B6B1A8DE5E300F1C921 /* GameViewController.swift in Sources */ = {isa = PBXBuildFile; fileRef = 50A14B6A1A8DE5E300F1C921 /* GameViewController.swift */; };
		50A14B6E1A8DE5E300F1C921 /* Main.storyboard in Resources */ = {isa = PBXBuildFile; fileRef = 50A14B6C1A8DE5E300F1C921 /* Main.storyboard */; };
		50A14B701A8DE5E300F1C921 /* Images.xcassets in Resources */ = {isa = PBXBuildFile; fileRef = 50A14B6F1A8DE5E300F1C921 /* Images.xcassets */; };
		50A14B731A8DE5E300F1C921 /* LaunchScreen.xib in Resources */ = {isa = PBXBuildFile; fileRef = 50A14B711A8DE5E300F1C921 /* LaunchScreen.xib */; };
		50A14B7F1A8DE5E300F1C921 /* ThermoTests.swift in Sources */ = {isa = PBXBuildFile; fileRef = 50A14B7E1A8DE5E300F1C921 /* ThermoTests.swift */; };
		50A14B891A8DE95A00F1C921 /* Particle.swift in Sources */ = {isa = PBXBuildFile; fileRef = 50A14B881A8DE95A00F1C921 /* Particle.swift */; };
		50A14B991A8DEB1000F1C921 /* Array.swift in Sources */ = {isa = PBXBuildFile; fileRef = 50A14B8B1A8DEB1000F1C921 /* Array.swift */; };
		50A14B9A1A8DEB1000F1C921 /* Character.swift in Sources */ = {isa = PBXBuildFile; fileRef = 50A14B8C1A8DEB1000F1C921 /* Character.swift */; };
		50A14B9B1A8DEB1000F1C921 /* Dictionary.swift in Sources */ = {isa = PBXBuildFile; fileRef = 50A14B8D1A8DEB1000F1C921 /* Dictionary.swift */; };
		50A14B9C1A8DEB1000F1C921 /* Double.swift in Sources */ = {isa = PBXBuildFile; fileRef = 50A14B8E1A8DEB1000F1C921 /* Double.swift */; };
		50A14B9D1A8DEB1000F1C921 /* ExSwift.swift in Sources */ = {isa = PBXBuildFile; fileRef = 50A14B901A8DEB1000F1C921 /* ExSwift.swift */; };
		50A14B9E1A8DEB1000F1C921 /* Float.swift in Sources */ = {isa = PBXBuildFile; fileRef = 50A14B911A8DEB1000F1C921 /* Float.swift */; };
		50A14B9F1A8DEB1000F1C921 /* Info.plist in Resources */ = {isa = PBXBuildFile; fileRef = 50A14B921A8DEB1000F1C921 /* Info.plist */; };
		50A14BA01A8DEB1000F1C921 /* Int.swift in Sources */ = {isa = PBXBuildFile; fileRef = 50A14B931A8DEB1000F1C921 /* Int.swift */; };
		50A14BA11A8DEB1000F1C921 /* NSArray.swift in Sources */ = {isa = PBXBuildFile; fileRef = 50A14B941A8DEB1000F1C921 /* NSArray.swift */; };
		50A14BA21A8DEB1000F1C921 /* NSDate.swift in Sources */ = {isa = PBXBuildFile; fileRef = 50A14B951A8DEB1000F1C921 /* NSDate.swift */; };
		50A14BA31A8DEB1000F1C921 /* Range.swift in Sources */ = {isa = PBXBuildFile; fileRef = 50A14B961A8DEB1000F1C921 /* Range.swift */; };
		50A14BA41A8DEB1000F1C921 /* Sequence.swift in Sources */ = {isa = PBXBuildFile; fileRef = 50A14B971A8DEB1000F1C921 /* Sequence.swift */; };
		50A14BA51A8DEB1000F1C921 /* String.swift in Sources */ = {isa = PBXBuildFile; fileRef = 50A14B981A8DEB1000F1C921 /* String.swift */; };
		50A14BA71A8DF30500F1C921 /* ParticleNode.swift in Sources */ = {isa = PBXBuildFile; fileRef = 50A14BA61A8DF30500F1C921 /* ParticleNode.swift */; };
		50A14BA91A8DF3C200F1C921 /* Utils.swift in Sources */ = {isa = PBXBuildFile; fileRef = 50A14BA81A8DF3C200F1C921 /* Utils.swift */; };
		50A14BAB1A8DF67000F1C921 /* RectangularContainer.swift in Sources */ = {isa = PBXBuildFile; fileRef = 50A14BAA1A8DF67000F1C921 /* RectangularContainer.swift */; };
		50A14BAD1A8DF7DD00F1C921 /* RectangularContainerNode.swift in Sources */ = {isa = PBXBuildFile; fileRef = 50A14BAC1A8DF7DD00F1C921 /* RectangularContainerNode.swift */; };
		50B3E0FB1A9F9DE9006A417A /* RectangularContainerGraphing.swift in Sources */ = {isa = PBXBuildFile; fileRef = 50B3E0FA1A9F9DE9006A417A /* RectangularContainerGraphing.swift */; };
		50CA40941AAEC28C00342776 /* DPMovingAverageGraphView.swift in Sources */ = {isa = PBXBuildFile; fileRef = 50CA40931AAEC28C00342776 /* DPMovingAverageGraphView.swift */; };
		50DAB4041A972FAC00D8D6A4 /* Particle.swift in Sources */ = {isa = PBXBuildFile; fileRef = 50A14B881A8DE95A00F1C921 /* Particle.swift */; };
		50DAB4051A972FB300D8D6A4 /* RectangularContainer.swift in Sources */ = {isa = PBXBuildFile; fileRef = 50A14BAA1A8DF67000F1C921 /* RectangularContainer.swift */; };
		50DAB4061A972FD000D8D6A4 /* ParticleNode.swift in Sources */ = {isa = PBXBuildFile; fileRef = 50A14BA61A8DF30500F1C921 /* ParticleNode.swift */; };
		50DAB4071A972FD200D8D6A4 /* RectangularContainerNode.swift in Sources */ = {isa = PBXBuildFile; fileRef = 50A14BAC1A8DF7DD00F1C921 /* RectangularContainerNode.swift */; };
		50DAB4081A972FD600D8D6A4 /* Utils.swift in Sources */ = {isa = PBXBuildFile; fileRef = 50A14BA81A8DF3C200F1C921 /* Utils.swift */; };
		50DAB4091A972FF900D8D6A4 /* Double.swift in Sources */ = {isa = PBXBuildFile; fileRef = 50A14B8E1A8DEB1000F1C921 /* Double.swift */; };
		50DAB40A1A972FFB00D8D6A4 /* ExSwift.swift in Sources */ = {isa = PBXBuildFile; fileRef = 50A14B901A8DEB1000F1C921 /* ExSwift.swift */; };
		50DAB40B1A972FFC00D8D6A4 /* Float.swift in Sources */ = {isa = PBXBuildFile; fileRef = 50A14B911A8DEB1000F1C921 /* Float.swift */; };
		50DAB40C1A972FFE00D8D6A4 /* Int.swift in Sources */ = {isa = PBXBuildFile; fileRef = 50A14B931A8DEB1000F1C921 /* Int.swift */; };
		50DAB40D1A97301100D8D6A4 /* Array.swift in Sources */ = {isa = PBXBuildFile; fileRef = 50A14B8B1A8DEB1000F1C921 /* Array.swift */; };
		50DAB40E1A97301200D8D6A4 /* Character.swift in Sources */ = {isa = PBXBuildFile; fileRef = 50A14B8C1A8DEB1000F1C921 /* Character.swift */; };
		50DAB40F1A97301300D8D6A4 /* Dictionary.swift in Sources */ = {isa = PBXBuildFile; fileRef = 50A14B8D1A8DEB1000F1C921 /* Dictionary.swift */; };
		50DAB4101A97301900D8D6A4 /* NSArray.swift in Sources */ = {isa = PBXBuildFile; fileRef = 50A14B941A8DEB1000F1C921 /* NSArray.swift */; };
		50DAB4111A97301A00D8D6A4 /* NSDate.swift in Sources */ = {isa = PBXBuildFile; fileRef = 50A14B951A8DEB1000F1C921 /* NSDate.swift */; };
		50DAB4121A97301D00D8D6A4 /* Range.swift in Sources */ = {isa = PBXBuildFile; fileRef = 50A14B961A8DEB1000F1C921 /* Range.swift */; };
		50DAB4131A97301E00D8D6A4 /* Sequence.swift in Sources */ = {isa = PBXBuildFile; fileRef = 50A14B971A8DEB1000F1C921 /* Sequence.swift */; };
		50DAB4141A97302000D8D6A4 /* String.swift in Sources */ = {isa = PBXBuildFile; fileRef = 50A14B981A8DEB1000F1C921 /* String.swift */; };
/* End PBXBuildFile section */

/* Begin PBXContainerItemProxy section */
		50A14B791A8DE5E300F1C921 /* PBXContainerItemProxy */ = {
			isa = PBXContainerItemProxy;
			containerPortal = 50A14B591A8DE5E300F1C921 /* Project object */;
			proxyType = 1;
			remoteGlobalIDString = 50A14B601A8DE5E300F1C921;
			remoteInfo = Thermo;
		};
/* End PBXContainerItemProxy section */

/* Begin PBXFileReference section */
		5035F9F21A9F9C45005D7BFF /* Thermo-Bridging-Header.h */ = {isa = PBXFileReference; lastKnownFileType = sourcecode.c.h; path = "Thermo-Bridging-Header.h"; sourceTree = "<group>"; };
		5035F9F31A9F9C46005D7BFF /* DPGraphView.m */ = {isa = PBXFileReference; fileEncoding = 4; lastKnownFileType = sourcecode.c.objc; path = DPGraphView.m; sourceTree = "<group>"; };
		5035F9F51A9F9C4A005D7BFF /* DPGraphView.h */ = {isa = PBXFileReference; lastKnownFileType = sourcecode.c.h; path = DPGraphView.h; sourceTree = "<group>"; };
		50A14B611A8DE5E300F1C921 /* Thermo.app */ = {isa = PBXFileReference; explicitFileType = wrapper.application; includeInIndex = 0; path = Thermo.app; sourceTree = BUILT_PRODUCTS_DIR; };
		50A14B651A8DE5E300F1C921 /* Info.plist */ = {isa = PBXFileReference; lastKnownFileType = text.plist.xml; path = Info.plist; sourceTree = "<group>"; };
		50A14B661A8DE5E300F1C921 /* AppDelegate.swift */ = {isa = PBXFileReference; lastKnownFileType = sourcecode.swift; path = AppDelegate.swift; sourceTree = "<group>"; };
		50A14B6A1A8DE5E300F1C921 /* GameViewController.swift */ = {isa = PBXFileReference; lastKnownFileType = sourcecode.swift; path = GameViewController.swift; sourceTree = "<group>"; };
		50A14B6D1A8DE5E300F1C921 /* Base */ = {isa = PBXFileReference; lastKnownFileType = file.storyboard; name = Base; path = Base.lproj/Main.storyboard; sourceTree = "<group>"; };
		50A14B6F1A8DE5E300F1C921 /* Images.xcassets */ = {isa = PBXFileReference; lastKnownFileType = folder.assetcatalog; path = Images.xcassets; sourceTree = "<group>"; };
		50A14B721A8DE5E300F1C921 /* Base */ = {isa = PBXFileReference; lastKnownFileType = file.xib; name = Base; path = Base.lproj/LaunchScreen.xib; sourceTree = "<group>"; };
		50A14B781A8DE5E300F1C921 /* ThermoTests.xctest */ = {isa = PBXFileReference; explicitFileType = wrapper.cfbundle; includeInIndex = 0; path = ThermoTests.xctest; sourceTree = BUILT_PRODUCTS_DIR; };
		50A14B7D1A8DE5E300F1C921 /* Info.plist */ = {isa = PBXFileReference; lastKnownFileType = text.plist.xml; path = Info.plist; sourceTree = "<group>"; };
		50A14B7E1A8DE5E300F1C921 /* ThermoTests.swift */ = {isa = PBXFileReference; lastKnownFileType = sourcecode.swift; path = ThermoTests.swift; sourceTree = "<group>"; };
		50A14B881A8DE95A00F1C921 /* Particle.swift */ = {isa = PBXFileReference; fileEncoding = 4; lastKnownFileType = sourcecode.swift; path = Particle.swift; sourceTree = "<group>"; };
		50A14B8B1A8DEB1000F1C921 /* Array.swift */ = {isa = PBXFileReference; fileEncoding = 4; lastKnownFileType = sourcecode.swift; path = Array.swift; sourceTree = "<group>"; };
		50A14B8C1A8DEB1000F1C921 /* Character.swift */ = {isa = PBXFileReference; fileEncoding = 4; lastKnownFileType = sourcecode.swift; path = Character.swift; sourceTree = "<group>"; };
		50A14B8D1A8DEB1000F1C921 /* Dictionary.swift */ = {isa = PBXFileReference; fileEncoding = 4; lastKnownFileType = sourcecode.swift; path = Dictionary.swift; sourceTree = "<group>"; };
		50A14B8E1A8DEB1000F1C921 /* Double.swift */ = {isa = PBXFileReference; fileEncoding = 4; lastKnownFileType = sourcecode.swift; path = Double.swift; sourceTree = "<group>"; };
		50A14B8F1A8DEB1000F1C921 /* ExSwift.h */ = {isa = PBXFileReference; fileEncoding = 4; lastKnownFileType = sourcecode.c.h; path = ExSwift.h; sourceTree = "<group>"; };
		50A14B901A8DEB1000F1C921 /* ExSwift.swift */ = {isa = PBXFileReference; fileEncoding = 4; lastKnownFileType = sourcecode.swift; path = ExSwift.swift; sourceTree = "<group>"; };
		50A14B911A8DEB1000F1C921 /* Float.swift */ = {isa = PBXFileReference; fileEncoding = 4; lastKnownFileType = sourcecode.swift; path = Float.swift; sourceTree = "<group>"; };
		50A14B921A8DEB1000F1C921 /* Info.plist */ = {isa = PBXFileReference; fileEncoding = 4; lastKnownFileType = text.plist.xml; path = Info.plist; sourceTree = "<group>"; };
		50A14B931A8DEB1000F1C921 /* Int.swift */ = {isa = PBXFileReference; fileEncoding = 4; lastKnownFileType = sourcecode.swift; path = Int.swift; sourceTree = "<group>"; };
		50A14B941A8DEB1000F1C921 /* NSArray.swift */ = {isa = PBXFileReference; fileEncoding = 4; lastKnownFileType = sourcecode.swift; path = NSArray.swift; sourceTree = "<group>"; };
		50A14B951A8DEB1000F1C921 /* NSDate.swift */ = {isa = PBXFileReference; fileEncoding = 4; lastKnownFileType = sourcecode.swift; path = NSDate.swift; sourceTree = "<group>"; };
		50A14B961A8DEB1000F1C921 /* Range.swift */ = {isa = PBXFileReference; fileEncoding = 4; lastKnownFileType = sourcecode.swift; path = Range.swift; sourceTree = "<group>"; };
		50A14B971A8DEB1000F1C921 /* Sequence.swift */ = {isa = PBXFileReference; fileEncoding = 4; lastKnownFileType = sourcecode.swift; path = Sequence.swift; sourceTree = "<group>"; };
		50A14B981A8DEB1000F1C921 /* String.swift */ = {isa = PBXFileReference; fileEncoding = 4; lastKnownFileType = sourcecode.swift; path = String.swift; sourceTree = "<group>"; };
		50A14BA61A8DF30500F1C921 /* ParticleNode.swift */ = {isa = PBXFileReference; fileEncoding = 4; lastKnownFileType = sourcecode.swift; path = ParticleNode.swift; sourceTree = "<group>"; };
		50A14BA81A8DF3C200F1C921 /* Utils.swift */ = {isa = PBXFileReference; fileEncoding = 4; lastKnownFileType = sourcecode.swift; path = Utils.swift; sourceTree = "<group>"; };
		50A14BAA1A8DF67000F1C921 /* RectangularContainer.swift */ = {isa = PBXFileReference; fileEncoding = 4; lastKnownFileType = sourcecode.swift; path = RectangularContainer.swift; sourceTree = "<group>"; };
		50A14BAC1A8DF7DD00F1C921 /* RectangularContainerNode.swift */ = {isa = PBXFileReference; fileEncoding = 4; lastKnownFileType = sourcecode.swift; path = RectangularContainerNode.swift; sourceTree = "<group>"; };
		50B3E0FA1A9F9DE9006A417A /* RectangularContainerGraphing.swift */ = {isa = PBXFileReference; fileEncoding = 4; lastKnownFileType = sourcecode.swift; path = RectangularContainerGraphing.swift; sourceTree = "<group>"; };
		50CA40931AAEC28C00342776 /* DPMovingAverageGraphView.swift */ = {isa = PBXFileReference; fileEncoding = 4; lastKnownFileType = sourcecode.swift; path = DPMovingAverageGraphView.swift; sourceTree = "<group>"; };
/* End PBXFileReference section */

/* Begin PBXFrameworksBuildPhase section */
		50A14B5E1A8DE5E300F1C921 /* Frameworks */ = {
			isa = PBXFrameworksBuildPhase;
			buildActionMask = 2147483647;
			files = (
			);
			runOnlyForDeploymentPostprocessing = 0;
		};
		50A14B751A8DE5E300F1C921 /* Frameworks */ = {
			isa = PBXFrameworksBuildPhase;
			buildActionMask = 2147483647;
			files = (
			);
			runOnlyForDeploymentPostprocessing = 0;
		};
/* End PBXFrameworksBuildPhase section */

/* Begin PBXGroup section */
		50A14B581A8DE5E300F1C921 = {
			isa = PBXGroup;
			children = (
				50A14B631A8DE5E300F1C921 /* Thermo */,
				50A14B621A8DE5E300F1C921 /* Products */,
			);
			sourceTree = "<group>";
		};
		50A14B621A8DE5E300F1C921 /* Products */ = {
			isa = PBXGroup;
			children = (
				50A14B611A8DE5E300F1C921 /* Thermo.app */,
				50A14B781A8DE5E300F1C921 /* ThermoTests.xctest */,
			);
			name = Products;
			sourceTree = "<group>";
		};
		50A14B631A8DE5E300F1C921 /* Thermo */ = {
			isa = PBXGroup;
			children = (
				50A14B6A1A8DE5E300F1C921 /* GameViewController.swift */,
				50A14BA61A8DF30500F1C921 /* ParticleNode.swift */,
				50A14B881A8DE95A00F1C921 /* Particle.swift */,
				50A14BAA1A8DF67000F1C921 /* RectangularContainer.swift */,
				50A14BAC1A8DF7DD00F1C921 /* RectangularContainerNode.swift */,
				50B3E0FA1A9F9DE9006A417A /* RectangularContainerGraphing.swift */,
				50A14B6C1A8DE5E300F1C921 /* Main.storyboard */,
				50A14B641A8DE5E300F1C921 /* Supporting Files */,
				50A14B7B1A8DE5E300F1C921 /* ThermoTests */,
				50A14B8A1A8DEB1000F1C921 /* ExSwift */,
			);
			path = Thermo;
			sourceTree = "<group>";
		};
		50A14B641A8DE5E300F1C921 /* Supporting Files */ = {
			isa = PBXGroup;
			children = (
				5035F9F51A9F9C4A005D7BFF /* DPGraphView.h */,
				5035F9F31A9F9C46005D7BFF /* DPGraphView.m */,
				50CA40931AAEC28C00342776 /* DPMovingAverageGraphView.swift */,
				50A14BA81A8DF3C200F1C921 /* Utils.swift */,
				50A14B711A8DE5E300F1C921 /* LaunchScreen.xib */,
				50A14B6F1A8DE5E300F1C921 /* Images.xcassets */,
				50A14B661A8DE5E300F1C921 /* AppDelegate.swift */,
				50A14B651A8DE5E300F1C921 /* Info.plist */,
				5035F9F21A9F9C45005D7BFF /* Thermo-Bridging-Header.h */,
			);
			name = "Supporting Files";
			sourceTree = "<group>";
		};
		50A14B7B1A8DE5E300F1C921 /* ThermoTests */ = {
			isa = PBXGroup;
			children = (
				50A14B7E1A8DE5E300F1C921 /* ThermoTests.swift */,
				50A14B7C1A8DE5E300F1C921 /* Supporting Files */,
			);
			path = ThermoTests;
			sourceTree = SOURCE_ROOT;
		};
		50A14B7C1A8DE5E300F1C921 /* Supporting Files */ = {
			isa = PBXGroup;
			children = (
				50A14B7D1A8DE5E300F1C921 /* Info.plist */,
			);
			name = "Supporting Files";
			sourceTree = "<group>";
		};
		50A14B8A1A8DEB1000F1C921 /* ExSwift */ = {
			isa = PBXGroup;
			children = (
				50A14B8B1A8DEB1000F1C921 /* Array.swift */,
				50A14B8C1A8DEB1000F1C921 /* Character.swift */,
				50A14B8D1A8DEB1000F1C921 /* Dictionary.swift */,
				50A14B8E1A8DEB1000F1C921 /* Double.swift */,
				50A14B8F1A8DEB1000F1C921 /* ExSwift.h */,
				50A14B901A8DEB1000F1C921 /* ExSwift.swift */,
				50A14B911A8DEB1000F1C921 /* Float.swift */,
				50A14B921A8DEB1000F1C921 /* Info.plist */,
				50A14B931A8DEB1000F1C921 /* Int.swift */,
				50A14B941A8DEB1000F1C921 /* NSArray.swift */,
				50A14B951A8DEB1000F1C921 /* NSDate.swift */,
				50A14B961A8DEB1000F1C921 /* Range.swift */,
				50A14B971A8DEB1000F1C921 /* Sequence.swift */,
				50A14B981A8DEB1000F1C921 /* String.swift */,
			);
			path = ExSwift;
			sourceTree = "<group>";
		};
/* End PBXGroup section */

/* Begin PBXNativeTarget section */
		50A14B601A8DE5E300F1C921 /* Thermo */ = {
			isa = PBXNativeTarget;
			buildConfigurationList = 50A14B821A8DE5E300F1C921 /* Build configuration list for PBXNativeTarget "Thermo" */;
			buildPhases = (
				50A14B5D1A8DE5E300F1C921 /* Sources */,
				50A14B5E1A8DE5E300F1C921 /* Frameworks */,
				50A14B5F1A8DE5E300F1C921 /* Resources */,
			);
			buildRules = (
			);
			dependencies = (
			);
			name = Thermo;
			productName = Thermo;
			productReference = 50A14B611A8DE5E300F1C921 /* Thermo.app */;
			productType = "com.apple.product-type.application";
		};
		50A14B771A8DE5E300F1C921 /* ThermoTests */ = {
			isa = PBXNativeTarget;
			buildConfigurationList = 50A14B851A8DE5E300F1C921 /* Build configuration list for PBXNativeTarget "ThermoTests" */;
			buildPhases = (
				50A14B741A8DE5E300F1C921 /* Sources */,
				50A14B751A8DE5E300F1C921 /* Frameworks */,
				50A14B761A8DE5E300F1C921 /* Resources */,
			);
			buildRules = (
			);
			dependencies = (
				50A14B7A1A8DE5E300F1C921 /* PBXTargetDependency */,
			);
			name = ThermoTests;
			productName = ThermoTests;
			productReference = 50A14B781A8DE5E300F1C921 /* ThermoTests.xctest */;
			productType = "com.apple.product-type.bundle.unit-test";
		};
/* End PBXNativeTarget section */

/* Begin PBXProject section */
		50A14B591A8DE5E300F1C921 /* Project object */ = {
			isa = PBXProject;
			attributes = {
				LastUpgradeCheck = 0610;
				ORGANIZATIONNAME = donald;
				TargetAttributes = {
					50A14B601A8DE5E300F1C921 = {
						CreatedOnToolsVersion = 6.1.1;
					};
					50A14B771A8DE5E300F1C921 = {
						CreatedOnToolsVersion = 6.1.1;
						TestTargetID = 50A14B601A8DE5E300F1C921;
					};
				};
			};
			buildConfigurationList = 50A14B5C1A8DE5E300F1C921 /* Build configuration list for PBXProject "Thermo" */;
			compatibilityVersion = "Xcode 3.2";
			developmentRegion = English;
			hasScannedForEncodings = 0;
			knownRegions = (
				en,
				Base,
			);
			mainGroup = 50A14B581A8DE5E300F1C921;
			productRefGroup = 50A14B621A8DE5E300F1C921 /* Products */;
			projectDirPath = "";
			projectRoot = "";
			targets = (
				50A14B601A8DE5E300F1C921 /* Thermo */,
				50A14B771A8DE5E300F1C921 /* ThermoTests */,
			);
		};
/* End PBXProject section */

/* Begin PBXResourcesBuildPhase section */
		50A14B5F1A8DE5E300F1C921 /* Resources */ = {
			isa = PBXResourcesBuildPhase;
			buildActionMask = 2147483647;
			files = (
				50A14B9F1A8DEB1000F1C921 /* Info.plist in Resources */,
				50A14B731A8DE5E300F1C921 /* LaunchScreen.xib in Resources */,
				50A14B701A8DE5E300F1C921 /* Images.xcassets in Resources */,
				50A14B6E1A8DE5E300F1C921 /* Main.storyboard in Resources */,
			);
			runOnlyForDeploymentPostprocessing = 0;
		};
		50A14B761A8DE5E300F1C921 /* Resources */ = {
			isa = PBXResourcesBuildPhase;
			buildActionMask = 2147483647;
			files = (
			);
			runOnlyForDeploymentPostprocessing = 0;
		};
/* End PBXResourcesBuildPhase section */

/* Begin PBXSourcesBuildPhase section */
		50A14B5D1A8DE5E300F1C921 /* Sources */ = {
			isa = PBXSourcesBuildPhase;
			buildActionMask = 2147483647;
			files = (
				50A14B6B1A8DE5E300F1C921 /* GameViewController.swift in Sources */,
				50A14B991A8DEB1000F1C921 /* Array.swift in Sources */,
				50A14BAB1A8DF67000F1C921 /* RectangularContainer.swift in Sources */,
				50B3E0FB1A9F9DE9006A417A /* RectangularContainerGraphing.swift in Sources */,
				50A14BA41A8DEB1000F1C921 /* Sequence.swift in Sources */,
				50A14BA31A8DEB1000F1C921 /* Range.swift in Sources */,
				50A14B9D1A8DEB1000F1C921 /* ExSwift.swift in Sources */,
				50A14B9A1A8DEB1000F1C921 /* Character.swift in Sources */,
				50A14B891A8DE95A00F1C921 /* Particle.swift in Sources */,
				50A14BA71A8DF30500F1C921 /* ParticleNode.swift in Sources */,
				5035F9F41A9F9C46005D7BFF /* DPGraphView.m in Sources */,
				50A14B671A8DE5E300F1C921 /* AppDelegate.swift in Sources */,
				50A14BA91A8DF3C200F1C921 /* Utils.swift in Sources */,
				50A14BA11A8DEB1000F1C921 /* NSArray.swift in Sources */,
				50A14B9B1A8DEB1000F1C921 /* Dictionary.swift in Sources */,
				50A14BA01A8DEB1000F1C921 /* Int.swift in Sources */,
				50A14B9C1A8DEB1000F1C921 /* Double.swift in Sources */,
				50A14BA51A8DEB1000F1C921 /* String.swift in Sources */,
				50A14BA21A8DEB1000F1C921 /* NSDate.swift in Sources */,
				50A14BAD1A8DF7DD00F1C921 /* RectangularContainerNode.swift in Sources */,
				50A14B9E1A8DEB1000F1C921 /* Float.swift in Sources */,
				50CA40941AAEC28C00342776 /* DPMovingAverageGraphView.swift in Sources */,
			);
			runOnlyForDeploymentPostprocessing = 0;
		};
		50A14B741A8DE5E300F1C921 /* Sources */ = {
			isa = PBXSourcesBuildPhase;
			buildActionMask = 2147483647;
			files = (
				50DAB4071A972FD200D8D6A4 /* RectangularContainerNode.swift in Sources */,
				50DAB4061A972FD000D8D6A4 /* ParticleNode.swift in Sources */,
				50A14B7F1A8DE5E300F1C921 /* ThermoTests.swift in Sources */,
				50DAB40E1A97301200D8D6A4 /* Character.swift in Sources */,
				50DAB40F1A97301300D8D6A4 /* Dictionary.swift in Sources */,
				50DAB4081A972FD600D8D6A4 /* Utils.swift in Sources */,
				50DAB40D1A97301100D8D6A4 /* Array.swift in Sources */,
				50DAB4091A972FF900D8D6A4 /* Double.swift in Sources */,
				50DAB40B1A972FFC00D8D6A4 /* Float.swift in Sources */,
				50DAB40A1A972FFB00D8D6A4 /* ExSwift.swift in Sources */,
				50DAB4131A97301E00D8D6A4 /* Sequence.swift in Sources */,
				50DAB4141A97302000D8D6A4 /* String.swift in Sources */,
				50DAB4111A97301A00D8D6A4 /* NSDate.swift in Sources */,
				50DAB4101A97301900D8D6A4 /* NSArray.swift in Sources */,
				50DAB4121A97301D00D8D6A4 /* Range.swift in Sources */,
				50DAB40C1A972FFE00D8D6A4 /* Int.swift in Sources */,
				50DAB4051A972FB300D8D6A4 /* RectangularContainer.swift in Sources */,
				50DAB4041A972FAC00D8D6A4 /* Particle.swift in Sources */,
			);
			runOnlyForDeploymentPostprocessing = 0;
		};
/* End PBXSourcesBuildPhase section */

/* Begin PBXTargetDependency section */
		50A14B7A1A8DE5E300F1C921 /* PBXTargetDependency */ = {
			isa = PBXTargetDependency;
			target = 50A14B601A8DE5E300F1C921 /* Thermo */;
			targetProxy = 50A14B791A8DE5E300F1C921 /* PBXContainerItemProxy */;
		};
/* End PBXTargetDependency section */

/* Begin PBXVariantGroup section */
		50A14B6C1A8DE5E300F1C921 /* Main.storyboard */ = {
			isa = PBXVariantGroup;
			children = (
				50A14B6D1A8DE5E300F1C921 /* Base */,
			);
			name = Main.storyboard;
			sourceTree = "<group>";
		};
		50A14B711A8DE5E300F1C921 /* LaunchScreen.xib */ = {
			isa = PBXVariantGroup;
			children = (
				50A14B721A8DE5E300F1C921 /* Base */,
			);
			name = LaunchScreen.xib;
			sourceTree = "<group>";
		};
/* End PBXVariantGroup section */

/* Begin XCBuildConfiguration section */
		50A14B801A8DE5E300F1C921 /* Debug */ = {
			isa = XCBuildConfiguration;
			buildSettings = {
				ALWAYS_SEARCH_USER_PATHS = NO;
				CLANG_CXX_LANGUAGE_STANDARD = "gnu++0x";
				CLANG_CXX_LIBRARY = "libc++";
				CLANG_ENABLE_MODULES = YES;
				CLANG_ENABLE_OBJC_ARC = YES;
				CLANG_WARN_BOOL_CONVERSION = YES;
				CLANG_WARN_CONSTANT_CONVERSION = YES;
				CLANG_WARN_DIRECT_OBJC_ISA_USAGE = YES_ERROR;
				CLANG_WARN_EMPTY_BODY = YES;
				CLANG_WARN_ENUM_CONVERSION = YES;
				CLANG_WARN_INT_CONVERSION = YES;
				CLANG_WARN_OBJC_ROOT_CLASS = YES_ERROR;
				CLANG_WARN_UNREACHABLE_CODE = YES;
				CLANG_WARN__DUPLICATE_METHOD_MATCH = YES;
				"CODE_SIGN_IDENTITY[sdk=iphoneos*]" = "iPhone Developer";
				COPY_PHASE_STRIP = NO;
				ENABLE_STRICT_OBJC_MSGSEND = YES;
				GCC_C_LANGUAGE_STANDARD = gnu99;
				GCC_DYNAMIC_NO_PIC = NO;
				GCC_OPTIMIZATION_LEVEL = 0;
				GCC_PREPROCESSOR_DEFINITIONS = (
					"DEBUG=1",
					"$(inherited)",
				);
				GCC_SYMBOLS_PRIVATE_EXTERN = NO;
				GCC_WARN_64_TO_32_BIT_CONVERSION = YES;
				GCC_WARN_ABOUT_RETURN_TYPE = YES_ERROR;
				GCC_WARN_UNDECLARED_SELECTOR = YES;
				GCC_WARN_UNINITIALIZED_AUTOS = YES_AGGRESSIVE;
				GCC_WARN_UNUSED_FUNCTION = YES;
				GCC_WARN_UNUSED_VARIABLE = YES;
				IPHONEOS_DEPLOYMENT_TARGET = 8.1;
				MTL_ENABLE_DEBUG_INFO = YES;
				ONLY_ACTIVE_ARCH = YES;
				SDKROOT = iphoneos;
				SWIFT_OPTIMIZATION_LEVEL = "-Onone";
				TARGETED_DEVICE_FAMILY = "1,2";
			};
			name = Debug;
		};
		50A14B811A8DE5E300F1C921 /* Release */ = {
			isa = XCBuildConfiguration;
			buildSettings = {
				ALWAYS_SEARCH_USER_PATHS = NO;
				CLANG_CXX_LANGUAGE_STANDARD = "gnu++0x";
				CLANG_CXX_LIBRARY = "libc++";
				CLANG_ENABLE_MODULES = YES;
				CLANG_ENABLE_OBJC_ARC = YES;
				CLANG_WARN_BOOL_CONVERSION = YES;
				CLANG_WARN_CONSTANT_CONVERSION = YES;
				CLANG_WARN_DIRECT_OBJC_ISA_USAGE = YES_ERROR;
				CLANG_WARN_EMPTY_BODY = YES;
				CLANG_WARN_ENUM_CONVERSION = YES;
				CLANG_WARN_INT_CONVERSION = YES;
				CLANG_WARN_OBJC_ROOT_CLASS = YES_ERROR;
				CLANG_WARN_UNREACHABLE_CODE = YES;
				CLANG_WARN__DUPLICATE_METHOD_MATCH = YES;
				"CODE_SIGN_IDENTITY[sdk=iphoneos*]" = "iPhone Developer";
				COPY_PHASE_STRIP = YES;
				ENABLE_NS_ASSERTIONS = NO;
				ENABLE_STRICT_OBJC_MSGSEND = YES;
				GCC_C_LANGUAGE_STANDARD = gnu99;
				GCC_WARN_64_TO_32_BIT_CONVERSION = YES;
				GCC_WARN_ABOUT_RETURN_TYPE = YES_ERROR;
				GCC_WARN_UNDECLARED_SELECTOR = YES;
				GCC_WARN_UNINITIALIZED_AUTOS = YES_AGGRESSIVE;
				GCC_WARN_UNUSED_FUNCTION = YES;
				GCC_WARN_UNUSED_VARIABLE = YES;
				IPHONEOS_DEPLOYMENT_TARGET = 8.1;
				MTL_ENABLE_DEBUG_INFO = NO;
				SDKROOT = iphoneos;
				TARGETED_DEVICE_FAMILY = "1,2";
				VALIDATE_PRODUCT = YES;
			};
			name = Release;
		};
		50A14B831A8DE5E300F1C921 /* Debug */ = {
			isa = XCBuildConfiguration;
			buildSettings = {
				ASSETCATALOG_COMPILER_APPICON_NAME = AppIcon;
				CLANG_ENABLE_MODULES = YES;
				GCC_OPTIMIZATION_LEVEL = fast;
				INFOPLIST_FILE = Thermo/Info.plist;
				LD_RUNPATH_SEARCH_PATHS = "$(inherited) @executable_path/Frameworks";
				PRODUCT_NAME = "$(TARGET_NAME)";
				SWIFT_OBJC_BRIDGING_HEADER = "Thermo/Thermo-Bridging-Header.h";
				SWIFT_OPTIMIZATION_LEVEL = "-Ounchecked";
			};
			name = Debug;
		};
		50A14B841A8DE5E300F1C921 /* Release */ = {
			isa = XCBuildConfiguration;
			buildSettings = {
				ASSETCATALOG_COMPILER_APPICON_NAME = AppIcon;
				CLANG_ENABLE_MODULES = YES;
				GCC_OPTIMIZATION_LEVEL = fast;
				INFOPLIST_FILE = Thermo/Info.plist;
				LD_RUNPATH_SEARCH_PATHS = "$(inherited) @executable_path/Frameworks";
				PRODUCT_NAME = "$(TARGET_NAME)";
				SWIFT_OBJC_BRIDGING_HEADER = "Thermo/Thermo-Bridging-Header.h";
				SWIFT_OPTIMIZATION_LEVEL = "-Ounchecked";
			};
			name = Release;
		};
		50A14B861A8DE5E300F1C921 /* Debug */ = {
			isa = XCBuildConfiguration;
			buildSettings = {
				BUNDLE_LOADER = "$(TEST_HOST)";
				FRAMEWORK_SEARCH_PATHS = (
					"$(SDKROOT)/Developer/Library/Frameworks",
					"$(inherited)",
				);
				GCC_OPTIMIZATION_LEVEL = fast;
				GCC_PREPROCESSOR_DEFINITIONS = (
					"DEBUG=1",
					"$(inherited)",
				);
				INFOPLIST_FILE = ThermoTests/Info.plist;
				LD_RUNPATH_SEARCH_PATHS = "$(inherited) @executable_path/Frameworks @loader_path/Frameworks";
				PRODUCT_NAME = "$(TARGET_NAME)";
				SWIFT_OPTIMIZATION_LEVEL = "-Ounchecked";
				TEST_HOST = "$(BUILT_PRODUCTS_DIR)/Thermo.app/Thermo";
			};
			name = Debug;
		};
		50A14B871A8DE5E300F1C921 /* Release */ = {
			isa = XCBuildConfiguration;
			buildSettings = {
				BUNDLE_LOADER = "$(TEST_HOST)";
				FRAMEWORK_SEARCH_PATHS = (
					"$(SDKROOT)/Developer/Library/Frameworks",
					"$(inherited)",
				);
				GCC_OPTIMIZATION_LEVEL = fast;
				INFOPLIST_FILE = ThermoTests/Info.plist;
				LD_RUNPATH_SEARCH_PATHS = "$(inherited) @executable_path/Frameworks @loader_path/Frameworks";
				PRODUCT_NAME = "$(TARGET_NAME)";
				SWIFT_OPTIMIZATION_LEVEL = "-Ounchecked";
				TEST_HOST = "$(BUILT_PRODUCTS_DIR)/Thermo.app/Thermo";
			};
			name = Release;
		};
/* End XCBuildConfiguration section */

/* Begin XCConfigurationList section */
		50A14B5C1A8DE5E300F1C921 /* Build configuration list for PBXProject "Thermo" */ = {
			isa = XCConfigurationList;
			buildConfigurations = (
				50A14B801A8DE5E300F1C921 /* Debug */,
				50A14B811A8DE5E300F1C921 /* Release */,
			);
			defaultConfigurationIsVisible = 0;
			defaultConfigurationName = Release;
		};
		50A14B821A8DE5E300F1C921 /* Build configuration list for PBXNativeTarget "Thermo" */ = {
			isa = XCConfigurationList;
			buildConfigurations = (
				50A14B831A8DE5E300F1C921 /* Debug */,
				50A14B841A8DE5E300F1C921 /* Release */,
			);
			defaultConfigurationIsVisible = 0;
			defaultConfigurationName = Release;
		};
		50A14B851A8DE5E300F1C921 /* Build configuration list for PBXNativeTarget "ThermoTests" */ = {
			isa = XCConfigurationList;
			buildConfigurations = (
				50A14B861A8DE5E300F1C921 /* Debug */,
				50A14B871A8DE5E300F1C921 /* Release */,
			);
			defaultConfigurationIsVisible = 0;
			defaultConfigurationName = Release;
		};
/* End XCConfigurationList section */
	};
	rootObject = 50A14B591A8DE5E300F1C921 /* Project object */;
}
